
Microsoft Visual Studio Solution File, Format Version 12.00
# Visual Studio Version 16
VisualStudioVersion = 16.0.31005.135
MinimumVisualStudioVersion = 10.0.40219.1
Project("{9A19103F-16F7-4668-BE54-9A1E7A4F7556}") = "SaveParser", "SaveParser.csproj", "{B453876E-730D-4826-B880-6A9C681206F1}"
EndProject
Project("{9A19103F-16F7-4668-BE54-9A1E7A4F7556}") = "SaveEditor", "..\SaveEditor\SaveEditor.csproj", "{6B5D477B-C535-4007-80AF-1FF81C282D6F}"
EndProject
Global
	GlobalSection(SolutionConfigurationPlatforms) = preSolution
		Debug|Any CPU = Debug|Any CPU
		Release|Any CPU = Release|Any CPU
	EndGlobalSection
	GlobalSection(ProjectConfigurationPlatforms) = postSolution
		{B453876E-730D-4826-B880-6A9C681206F1}.Debug|Any CPU.ActiveCfg = Debug|Any CPU
		{B453876E-730D-4826-B880-6A9C681206F1}.Debug|Any CPU.Build.0 = Debug|Any CPU
		{B453876E-730D-4826-B880-6A9C681206F1}.Release|Any CPU.ActiveCfg = Release|Any CPU
		{B453876E-730D-4826-B880-6A9C681206F1}.Release|Any CPU.Build.0 = Release|Any CPU
		{6B5D477B-C535-4007-80AF-1FF81C282D6F}.Debug|Any CPU.ActiveCfg = Debug|Any CPU
		{6B5D477B-C535-4007-80AF-1FF81C282D6F}.Debug|Any CPU.Build.0 = Debug|Any CPU
		{6B5D477B-C535-4007-80AF-1FF81C282D6F}.Release|Any CPU.ActiveCfg = Release|Any CPU
		{6B5D477B-C535-4007-80AF-1FF81C282D6F}.Release|Any CPU.Build.0 = Release|Any CPU
	EndGlobalSection
	GlobalSection(SolutionProperties) = preSolution
		HideSolutionNode = FALSE
	EndGlobalSection
	GlobalSection(ExtensibilityGlobals) = postSolution
		SolutionGuid = {AB42D21E-AB07-41BD-B693-228E8F5FEA52}
	EndGlobalSection
EndGlobal
